
Microsoft Visual Studio Solution File, Format Version 12.00
# Visual Studio 15
VisualStudioVersion = 15.0.27703.2035
MinimumVisualStudioVersion = 10.0.40219.1
Project("{FAE04EC0-301F-11D3-BF4B-00C04F79EFBC}") = "discoball", "discoball\discoball.csproj", "{B44CBC5C-3FAA-46EF-8D0F-AAD54BE66B0C}"
EndProject
Global
	GlobalSection(SolutionConfigurationPlatforms) = preSolution
		Debug|Any CPU = Debug|Any CPU
		Release|Any CPU = Release|Any CPU
	EndGlobalSection
	GlobalSection(ProjectConfigurationPlatforms) = postSolution
		{B44CBC5C-3FAA-46EF-8D0F-AAD54BE66B0C}.Debug|Any CPU.ActiveCfg = Debug|Any CPU
		{B44CBC5C-3FAA-46EF-8D0F-AAD54BE66B0C}.Debug|Any CPU.Build.0 = Debug|Any CPU
		{B44CBC5C-3FAA-46EF-8D0F-AAD54BE66B0C}.Release|Any CPU.ActiveCfg = Release|Any CPU
		{B44CBC5C-3FAA-46EF-8D0F-AAD54BE66B0C}.Release|Any CPU.Build.0 = Release|Any CPU
	EndGlobalSection
	GlobalSection(SolutionProperties) = preSolution
		HideSolutionNode = FALSE
	EndGlobalSection
	GlobalSection(ExtensibilityGlobals) = postSolution
		SolutionGuid = {F9DD8707-26D8-4578-A4CD-3664DF138155}
	EndGlobalSection
EndGlobal
